// !$*UTF8*$!
{
	archiveVersion = 1;
	classes = {
	};
	objectVersion = 77;
	objects = {

/* Begin PBXBuildFile section */
		86406E392F289FF700C3CB3A /* Auth in Frameworks */ = {isa = PBXBuildFile; productRef = 86406E382F289FF700C3CB3A /* Auth */; };
		86406E3B2F289FF700C3CB3A /* Functions in Frameworks */ = {isa = PBXBuildFile; productRef = 86406E3A2F289FF700C3CB3A /* Functions */; };
		86406E3D2F289FF700C3CB3A /* PostgREST in Frameworks */ = {isa = PBXBuildFile; productRef = 86406E3C2F289FF700C3CB3A /* PostgREST */; };
		86406E3F2F289FF700C3CB3A /* Realtime in Frameworks */ = {isa = PBXBuildFile; productRef = 86406E3E2F289FF700C3CB3A /* Realtime */; };
		86406E412F289FF700C3CB3A /* Storage in Frameworks */ = {isa = PBXBuildFile; productRef = 86406E402F289FF700C3CB3A /* Storage */; };
		86406E432F289FF700C3CB3A /* Supabase in Frameworks */ = {isa = PBXBuildFile; productRef = 86406E422F289FF700C3CB3A /* Supabase */; };
		864DE0BF2EF447B3009B3349 /* CodelumeBundle in Frameworks */ = {isa = PBXBuildFile; productRef = 864DE0BE2EF447B3009B3349 /* CodelumeBundle */; };
		86C722CA2F1642FC008BE5B5 /* CodelumeBundle in Frameworks */ = {isa = PBXBuildFile; productRef = 86C722C92F1642FC008BE5B5 /* CodelumeBundle */; };
		86E2235B2EEA897000AFA3A3 /* SwiftyBeaver in Frameworks */ = {isa = PBXBuildFile; productRef = 86E2235A2EEA897000AFA3A3 /* SwiftyBeaver */; };
		86FBEE652EEA8CBD00F05936 /* SQLite in Frameworks */ = {isa = PBXBuildFile; productRef = 86FBEE642EEA8CBD00F05936 /* SQLite */; };
/* End PBXBuildFile section */

/* Begin PBXContainerItemProxy section */
		86406E682F28AC4000C3CB3A /* PBXContainerItemProxy */ = {
			isa = PBXContainerItemProxy;
			containerPortal = 2262B85D2E4B94B2003E8F45 /* Project object */;
			proxyType = 1;
			remoteGlobalIDString = 2262B8642E4B94B2003E8F45;
			remoteInfo = Codelume;
		};
/* End PBXContainerItemProxy section */

/* Begin PBXFileReference section */
		2262B8652E4B94B2003E8F45 /* Codelume.app */ = {isa = PBXFileReference; explicitFileType = wrapper.application; includeInIndex = 0; path = Codelume.app; sourceTree = BUILT_PRODUCTS_DIR; };
		86406E642F28AC4000C3CB3A /* CodelumeTest.xctest */ = {isa = PBXFileReference; explicitFileType = wrapper.cfbundle; includeInIndex = 0; path = CodelumeTest.xctest; sourceTree = BUILT_PRODUCTS_DIR; };
/* End PBXFileReference section */

/* Begin PBXFileSystemSynchronizedRootGroup section */
		2262B8672E4B94B2003E8F45 /* Codelume */ = {
			isa = PBXFileSystemSynchronizedRootGroup;
			path = Codelume;
			sourceTree = "<group>";
		};
/* End PBXFileSystemSynchronizedRootGroup section */

/* Begin PBXFrameworksBuildPhase section */
		2262B8622E4B94B2003E8F45 /* Frameworks */ = {
			isa = PBXFrameworksBuildPhase;
			buildActionMask = 2147483647;
			files = (
				86406E432F289FF700C3CB3A /* Supabase in Frameworks */,
				86406E3B2F289FF700C3CB3A /* Functions in Frameworks */,
				86FBEE652EEA8CBD00F05936 /* SQLite in Frameworks */,
				86406E3D2F289FF700C3CB3A /* PostgREST in Frameworks */,
				86406E3F2F289FF700C3CB3A /* Realtime in Frameworks */,
				86E2235B2EEA897000AFA3A3 /* SwiftyBeaver in Frameworks */,
				86C722CA2F1642FC008BE5B5 /* CodelumeBundle in Frameworks */,
				86406E412F289FF700C3CB3A /* Storage in Frameworks */,
				86406E392F289FF700C3CB3A /* Auth in Frameworks */,
				864DE0BF2EF447B3009B3349 /* CodelumeBundle in Frameworks */,
			);
			runOnlyForDeploymentPostprocessing = 0;
		};
		86406E612F28AC4000C3CB3A /* Frameworks */ = {
			isa = PBXFrameworksBuildPhase;
			buildActionMask = 2147483647;
			files = (
			);
			runOnlyForDeploymentPostprocessing = 0;
		};
/* End PBXFrameworksBuildPhase section */

/* Begin PBXGroup section */
		2262B85C2E4B94B2003E8F45 = {
			isa = PBXGroup;
			children = (
				2262B8672E4B94B2003E8F45 /* Codelume */,
				86EDECDA2EC641BA00B3EAD8 /* Frameworks */,
				2262B8662E4B94B2003E8F45 /* Products */,
			);
			sourceTree = "<group>";
		};
		2262B8662E4B94B2003E8F45 /* Products */ = {
			isa = PBXGroup;
			children = (
				2262B8652E4B94B2003E8F45 /* Codelume.app */,
				86406E642F28AC4000C3CB3A /* CodelumeTest.xctest */,
			);
			name = Products;
			sourceTree = "<group>";
		};
		86EDECDA2EC641BA00B3EAD8 /* Frameworks */ = {
			isa = PBXGroup;
			children = (
			);
			name = Frameworks;
			sourceTree = "<group>";
		};
/* End PBXGroup section */

/* Begin PBXNativeTarget section */
		2262B8642E4B94B2003E8F45 /* Codelume */ = {
			isa = PBXNativeTarget;
			buildConfigurationList = 2262B8712E4B94B4003E8F45 /* Build configuration list for PBXNativeTarget "Codelume" */;
			buildPhases = (
				2262B8612E4B94B2003E8F45 /* Sources */,
				2262B8622E4B94B2003E8F45 /* Frameworks */,
				2262B8632E4B94B2003E8F45 /* Resources */,
			);
			buildRules = (
			);
			dependencies = (
			);
			fileSystemSynchronizedGroups = (
				2262B8672E4B94B2003E8F45 /* Codelume */,
			);
			name = Codelume;
			packageProductDependencies = (
				86E2235A2EEA897000AFA3A3 /* SwiftyBeaver */,
				86FBEE642EEA8CBD00F05936 /* SQLite */,
				864DE0BE2EF447B3009B3349 /* CodelumeBundle */,
				86C722C92F1642FC008BE5B5 /* CodelumeBundle */,
				86406E382F289FF700C3CB3A /* Auth */,
				86406E3A2F289FF700C3CB3A /* Functions */,
				86406E3C2F289FF700C3CB3A /* PostgREST */,
				86406E3E2F289FF700C3CB3A /* Realtime */,
				86406E402F289FF700C3CB3A /* Storage */,
				86406E422F289FF700C3CB3A /* Supabase */,
			);
			productName = "codelume-app";
			productReference = 2262B8652E4B94B2003E8F45 /* Codelume.app */;
			productType = "com.apple.product-type.application";
		};
		86406E632F28AC4000C3CB3A /* CodelumeTest */ = {
			isa = PBXNativeTarget;
			buildConfigurationList = 86406E6A2F28AC4000C3CB3A /* Build configuration list for PBXNativeTarget "CodelumeTest" */;
			buildPhases = (
				86406E602F28AC4000C3CB3A /* Sources */,
				86406E612F28AC4000C3CB3A /* Frameworks */,
				86406E622F28AC4000C3CB3A /* Resources */,
			);
			buildRules = (
			);
			dependencies = (
				86406E692F28AC4000C3CB3A /* PBXTargetDependency */,
			);
			name = CodelumeTest;
			packageProductDependencies = (
			);
			productName = CodelumeTest;
			productReference = 86406E642F28AC4000C3CB3A /* CodelumeTest.xctest */;
			productType = "com.apple.product-type.bundle.unit-test";
		};
/* End PBXNativeTarget section */

/* Begin PBXProject section */
		2262B85D2E4B94B2003E8F45 /* Project object */ = {
			isa = PBXProject;
			attributes = {
				BuildIndependentTargetsInParallel = 1;
				LastSwiftUpdateCheck = 2610;
				LastUpgradeCheck = 1640;
				TargetAttributes = {
					2262B8642E4B94B2003E8F45 = {
						CreatedOnToolsVersion = 16.4;
					};
					86406E632F28AC4000C3CB3A = {
						CreatedOnToolsVersion = 26.1.1;
						TestTargetID = 2262B8642E4B94B2003E8F45;
					};
				};
			};
			buildConfigurationList = 2262B8602E4B94B2003E8F45 /* Build configuration list for PBXProject "Codelume" */;
			developmentRegion = en;
			hasScannedForEncodings = 0;
			knownRegions = (
				en,
				Base,
				"zh-Hans",
			);
			mainGroup = 2262B85C2E4B94B2003E8F45;
			minimizedProjectReferenceProxies = 1;
			packageReferences = (
				86E223592EEA897000AFA3A3 /* XCRemoteSwiftPackageReference "SwiftyBeaver" */,
				86FBEE632EEA8CBD00F05936 /* XCRemoteSwiftPackageReference "SQLite.swift" */,
				86C722C82F1642FC008BE5B5 /* XCRemoteSwiftPackageReference "CodelumeBundle" */,
				86406E372F289FF700C3CB3A /* XCRemoteSwiftPackageReference "supabase-swift" */,
			);
			preferredProjectObjectVersion = 77;
			productRefGroup = 2262B8662E4B94B2003E8F45 /* Products */;
			projectDirPath = "";
			projectRoot = "";
			targets = (
				2262B8642E4B94B2003E8F45 /* Codelume */,
				86406E632F28AC4000C3CB3A /* CodelumeTest */,
			);
		};
/* End PBXProject section */

/* Begin PBXResourcesBuildPhase section */
		2262B8632E4B94B2003E8F45 /* Resources */ = {
			isa = PBXResourcesBuildPhase;
			buildActionMask = 2147483647;
			files = (
			);
			runOnlyForDeploymentPostprocessing = 0;
		};
		86406E622F28AC4000C3CB3A /* Resources */ = {
			isa = PBXResourcesBuildPhase;
			buildActionMask = 2147483647;
			files = (
			);
			runOnlyForDeploymentPostprocessing = 0;
		};
/* End PBXResourcesBuildPhase section */

/* Begin PBXSourcesBuildPhase section */
		2262B8612E4B94B2003E8F45 /* Sources */ = {
			isa = PBXSourcesBuildPhase;
			buildActionMask = 2147483647;
			files = (
			);
			runOnlyForDeploymentPostprocessing = 0;
		};
		86406E602F28AC4000C3CB3A /* Sources */ = {
			isa = PBXSourcesBuildPhase;
			buildActionMask = 2147483647;
			files = (
			);
			runOnlyForDeploymentPostprocessing = 0;
		};
/* End PBXSourcesBuildPhase section */

/* Begin PBXTargetDependency section */
		86406E692F28AC4000C3CB3A /* PBXTargetDependency */ = {
			isa = PBXTargetDependency;
			target = 2262B8642E4B94B2003E8F45 /* Codelume */;
			targetProxy = 86406E682F28AC4000C3CB3A /* PBXContainerItemProxy */;
		};
/* End PBXTargetDependency section */

/* Begin XCBuildConfiguration section */
		2262B86F2E4B94B4003E8F45 /* Debug */ = {
			isa = XCBuildConfiguration;
			buildSettings = {
				ALWAYS_SEARCH_USER_PATHS = NO;
				ASSETCATALOG_COMPILER_GENERATE_SWIFT_ASSET_SYMBOL_EXTENSIONS = YES;
				CLANG_ANALYZER_NONNULL = YES;
				CLANG_ANALYZER_NUMBER_OBJECT_CONVERSION = YES_AGGRESSIVE;
				CLANG_CXX_LANGUAGE_STANDARD = "gnu++20";
				CLANG_ENABLE_MODULES = YES;
				CLANG_ENABLE_OBJC_ARC = YES;
				CLANG_ENABLE_OBJC_WEAK = YES;
				CLANG_WARN_BLOCK_CAPTURE_AUTORELEASING = YES;
				CLANG_WARN_BOOL_CONVERSION = YES;
				CLANG_WARN_COMMA = YES;
				CLANG_WARN_CONSTANT_CONVERSION = YES;
				CLANG_WARN_DEPRECATED_OBJC_IMPLEMENTATIONS = YES;
				CLANG_WARN_DIRECT_OBJC_ISA_USAGE = YES_ERROR;
				CLANG_WARN_DOCUMENTATION_COMMENTS = YES;
				CLANG_WARN_EMPTY_BODY = YES;
				CLANG_WARN_ENUM_CONVERSION = YES;
				CLANG_WARN_INFINITE_RECURSION = YES;
				CLANG_WARN_INT_CONVERSION = YES;
				CLANG_WARN_NON_LITERAL_NULL_CONVERSION = YES;
				CLANG_WARN_OBJC_IMPLICIT_RETAIN_SELF = YES;
				CLANG_WARN_OBJC_LITERAL_CONVERSION = YES;
				CLANG_WARN_OBJC_ROOT_CLASS = YES_ERROR;
				CLANG_WARN_QUOTED_INCLUDE_IN_FRAMEWORK_HEADER = YES;
				CLANG_WARN_RANGE_LOOP_ANALYSIS = YES;
				CLANG_WARN_STRICT_PROTOTYPES = YES;
				CLANG_WARN_SUSPICIOUS_MOVE = YES;
				CLANG_WARN_UNGUARDED_AVAILABILITY = YES_AGGRESSIVE;
				CLANG_WARN_UNREACHABLE_CODE = YES;
				CLANG_WARN__DUPLICATE_METHOD_MATCH = YES;
				COPY_PHASE_STRIP = NO;
				DEBUG_INFORMATION_FORMAT = dwarf;
				DEVELOPMENT_TEAM = 7W3SSQJZ2M;
				ENABLE_STRICT_OBJC_MSGSEND = YES;
				ENABLE_TESTABILITY = YES;
				ENABLE_USER_SCRIPT_SANDBOXING = YES;
				GCC_C_LANGUAGE_STANDARD = gnu17;
				GCC_DYNAMIC_NO_PIC = NO;
				GCC_NO_COMMON_BLOCKS = YES;
				GCC_OPTIMIZATION_LEVEL = 0;
				GCC_PREPROCESSOR_DEFINITIONS = (
					"DEBUG=1",
					"$(inherited)",
				);
				GCC_WARN_64_TO_32_BIT_CONVERSION = YES;
				GCC_WARN_ABOUT_RETURN_TYPE = YES_ERROR;
				GCC_WARN_UNDECLARED_SELECTOR = YES;
				GCC_WARN_UNINITIALIZED_AUTOS = YES_AGGRESSIVE;
				GCC_WARN_UNUSED_FUNCTION = YES;
				GCC_WARN_UNUSED_VARIABLE = YES;
				LOCALIZATION_PREFERS_STRING_CATALOGS = YES;
				MACOSX_DEPLOYMENT_TARGET = 15.5;
				MTL_ENABLE_DEBUG_INFO = INCLUDE_SOURCE;
				MTL_FAST_MATH = YES;
				ONLY_ACTIVE_ARCH = YES;
				SDKROOT = macosx;
				SWIFT_ACTIVE_COMPILATION_CONDITIONS = "DEBUG $(inherited)";
				SWIFT_OPTIMIZATION_LEVEL = "-Onone";
			};
			name = Debug;
		};
		2262B8702E4B94B4003E8F45 /* Release */ = {
			isa = XCBuildConfiguration;
			buildSettings = {
				ALWAYS_SEARCH_USER_PATHS = NO;
				ASSETCATALOG_COMPILER_GENERATE_SWIFT_ASSET_SYMBOL_EXTENSIONS = YES;
				CLANG_ANALYZER_NONNULL = YES;
				CLANG_ANALYZER_NUMBER_OBJECT_CONVERSION = YES_AGGRESSIVE;
				CLANG_CXX_LANGUAGE_STANDARD = "gnu++20";
				CLANG_ENABLE_MODULES = YES;
				CLANG_ENABLE_OBJC_ARC = YES;
				CLANG_ENABLE_OBJC_WEAK = YES;
				CLANG_WARN_BLOCK_CAPTURE_AUTORELEASING = YES;
				CLANG_WARN_BOOL_CONVERSION = YES;
				CLANG_WARN_COMMA = YES;
				CLANG_WARN_CONSTANT_CONVERSION = YES;
				CLANG_WARN_DEPRECATED_OBJC_IMPLEMENTATIONS = YES;
				CLANG_WARN_DIRECT_OBJC_ISA_USAGE = YES_ERROR;
				CLANG_WARN_DOCUMENTATION_COMMENTS = YES;
				CLANG_WARN_EMPTY_BODY = YES;
				CLANG_WARN_ENUM_CONVERSION = YES;
				CLANG_WARN_INFINITE_RECURSION = YES;
				CLANG_WARN_INT_CONVERSION = YES;
				CLANG_WARN_NON_LITERAL_NULL_CONVERSION = YES;
				CLANG_WARN_OBJC_IMPLICIT_RETAIN_SELF = YES;
				CLANG_WARN_OBJC_LITERAL_CONVERSION = YES;
				CLANG_WARN_OBJC_ROOT_CLASS = YES_ERROR;
				CLANG_WARN_QUOTED_INCLUDE_IN_FRAMEWORK_HEADER = YES;
				CLANG_WARN_RANGE_LOOP_ANALYSIS = YES;
				CLANG_WARN_STRICT_PROTOTYPES = YES;
				CLANG_WARN_SUSPICIOUS_MOVE = YES;
				CLANG_WARN_UNGUARDED_AVAILABILITY = YES_AGGRESSIVE;
				CLANG_WARN_UNREACHABLE_CODE = YES;
				CLANG_WARN__DUPLICATE_METHOD_MATCH = YES;
				COPY_PHASE_STRIP = NO;
				DEBUG_INFORMATION_FORMAT = "dwarf-with-dsym";
				DEVELOPMENT_TEAM = 7W3SSQJZ2M;
				ENABLE_NS_ASSERTIONS = NO;
				ENABLE_STRICT_OBJC_MSGSEND = YES;
				ENABLE_USER_SCRIPT_SANDBOXING = YES;
				GCC_C_LANGUAGE_STANDARD = gnu17;
				GCC_NO_COMMON_BLOCKS = YES;
				GCC_WARN_64_TO_32_BIT_CONVERSION = YES;
				GCC_WARN_ABOUT_RETURN_TYPE = YES_ERROR;
				GCC_WARN_UNDECLARED_SELECTOR = YES;
				GCC_WARN_UNINITIALIZED_AUTOS = YES_AGGRESSIVE;
				GCC_WARN_UNUSED_FUNCTION = YES;
				GCC_WARN_UNUSED_VARIABLE = YES;
				LOCALIZATION_PREFERS_STRING_CATALOGS = YES;
				MACOSX_DEPLOYMENT_TARGET = 15.5;
				MTL_ENABLE_DEBUG_INFO = NO;
				MTL_FAST_MATH = YES;
				SDKROOT = macosx;
				SWIFT_COMPILATION_MODE = wholemodule;
			};
			name = Release;
		};
		2262B8722E4B94B4003E8F45 /* Debug */ = {
			isa = XCBuildConfiguration;
			buildSettings = {
				ASSETCATALOG_COMPILER_APPICON_NAME = AppIcon;
				ASSETCATALOG_COMPILER_GLOBAL_ACCENT_COLOR_NAME = AccentColor;
				CODE_SIGN_ENTITLEMENTS = Codelume/Codelume.entitlements;
				CODE_SIGN_IDENTITY = "Apple Development";
				CODE_SIGN_STYLE = Automatic;
				COMBINE_HIDPI_IMAGES = YES;
				CURRENT_PROJECT_VERSION = 20;
				DEVELOPMENT_TEAM = 7W3SSQJZ2M;
				ENABLE_APP_SANDBOX = YES;
				ENABLE_HARDENED_RUNTIME = YES;
				ENABLE_INCOMING_NETWORK_CONNECTIONS = YES;
				ENABLE_OUTGOING_NETWORK_CONNECTIONS = YES;
				ENABLE_PREVIEWS = YES;
				ENABLE_RESOURCE_ACCESS_AUDIO_INPUT = NO;
				ENABLE_RESOURCE_ACCESS_BLUETOOTH = NO;
				ENABLE_RESOURCE_ACCESS_CALENDARS = NO;
				ENABLE_RESOURCE_ACCESS_CAMERA = NO;
				ENABLE_RESOURCE_ACCESS_CONTACTS = NO;
				ENABLE_RESOURCE_ACCESS_LOCATION = NO;
				ENABLE_RESOURCE_ACCESS_PRINTING = NO;
				ENABLE_RESOURCE_ACCESS_USB = NO;
				GENERATE_INFOPLIST_FILE = NO;
				INFOPLIST_FILE = Codelume/Info.plist;
				INFOPLIST_KEY_CFBundleDisplayName = Codelume;
				INFOPLIST_KEY_LSApplicationCategoryType = "public.app-category.utilities";
				INFOPLIST_KEY_LSUIElement = YES;
				INFOPLIST_KEY_NSHumanReadableCopyright = "";
				LD_RUNPATH_SEARCH_PATHS = (
					"$(inherited)",
					"@executable_path/../Frameworks",
				);
				MACOSX_DEPLOYMENT_TARGET = 14.6;
				MARKETING_VERSION = 1.6.2;
				PRODUCT_BUNDLE_IDENTIFIER = com.codelume.CodeLume;
				PRODUCT_NAME = "$(TARGET_NAME)";
				PROVISIONING_PROFILE_SPECIFIER = "";
				REGISTER_APP_GROUPS = YES;
				SWIFT_EMIT_LOC_STRINGS = YES;
				SWIFT_VERSION = 5.0;
			};
			name = Debug;
		};
		2262B8732E4B94B4003E8F45 /* Release */ = {
			isa = XCBuildConfiguration;
			buildSettings = {
				ASSETCATALOG_COMPILER_APPICON_NAME = AppIcon;
				ASSETCATALOG_COMPILER_GLOBAL_ACCENT_COLOR_NAME = AccentColor;
				CODE_SIGN_ENTITLEMENTS = Codelume/Codelume.entitlements;
				CODE_SIGN_IDENTITY = "Apple Development";
				CODE_SIGN_STYLE = Automatic;
				COMBINE_HIDPI_IMAGES = YES;
				CURRENT_PROJECT_VERSION = 20;
				DEVELOPMENT_TEAM = 7W3SSQJZ2M;
				ENABLE_APP_SANDBOX = YES;
				ENABLE_HARDENED_RUNTIME = YES;
				ENABLE_INCOMING_NETWORK_CONNECTIONS = YES;
				ENABLE_OUTGOING_NETWORK_CONNECTIONS = YES;
				ENABLE_PREVIEWS = YES;
				ENABLE_RESOURCE_ACCESS_AUDIO_INPUT = NO;
				ENABLE_RESOURCE_ACCESS_BLUETOOTH = NO;
				ENABLE_RESOURCE_ACCESS_CALENDARS = NO;
				ENABLE_RESOURCE_ACCESS_CAMERA = NO;
				ENABLE_RESOURCE_ACCESS_CONTACTS = NO;
				ENABLE_RESOURCE_ACCESS_LOCATION = NO;
				ENABLE_RESOURCE_ACCESS_PRINTING = NO;
				ENABLE_RESOURCE_ACCESS_USB = NO;
				GENERATE_INFOPLIST_FILE = NO;
				INFOPLIST_FILE = Codelume/Info.plist;
				INFOPLIST_KEY_CFBundleDisplayName = Codelume;
				INFOPLIST_KEY_LSApplicationCategoryType = "public.app-category.utilities";
				INFOPLIST_KEY_LSUIElement = YES;
				INFOPLIST_KEY_NSHumanReadableCopyright = "";
				LD_RUNPATH_SEARCH_PATHS = (
					"$(inherited)",
					"@executable_path/../Frameworks",
				);
				MACOSX_DEPLOYMENT_TARGET = 14.6;
				MARKETING_VERSION = 1.6.2;
				PRODUCT_BUNDLE_IDENTIFIER = com.codelume.CodeLume;
				PRODUCT_NAME = "$(TARGET_NAME)";
				PROVISIONING_PROFILE_SPECIFIER = "";
				REGISTER_APP_GROUPS = YES;
				SWIFT_EMIT_LOC_STRINGS = YES;
				SWIFT_VERSION = 5.0;
			};
			name = Release;
		};
		86406E6B2F28AC4000C3CB3A /* Debug */ = {
			isa = XCBuildConfiguration;
			buildSettings = {
				BUNDLE_LOADER = "$(TEST_HOST)";
				"CODE_SIGN_IDENTITY[sdk=macosx*]" = "-";
				CODE_SIGN_STYLE = Automatic;
				CURRENT_PROJECT_VERSION = 1;
				DEVELOPMENT_TEAM = "";
				GENERATE_INFOPLIST_FILE = YES;
				MACOSX_DEPLOYMENT_TARGET = 26.1;
				MARKETING_VERSION = 1.0;
				PRODUCT_BUNDLE_IDENTIFIER = com.codelume.CodelumeTest;
				PRODUCT_NAME = "$(TARGET_NAME)";
				STRING_CATALOG_GENERATE_SYMBOLS = NO;
				SWIFT_APPROACHABLE_CONCURRENCY = YES;
				SWIFT_EMIT_LOC_STRINGS = NO;
				SWIFT_UPCOMING_FEATURE_MEMBER_IMPORT_VISIBILITY = YES;
				SWIFT_VERSION = 5.0;
				TEST_HOST = "$(BUILT_PRODUCTS_DIR)/Codelume.app/$(BUNDLE_EXECUTABLE_FOLDER_PATH)/Codelume";
			};
			name = Debug;
		};
		86406E6C2F28AC4000C3CB3A /* Release */ = {
			isa = XCBuildConfiguration;
			buildSettings = {
				BUNDLE_LOADER = "$(TEST_HOST)";
				"CODE_SIGN_IDENTITY[sdk=macosx*]" = "-";
				CODE_SIGN_STYLE = Automatic;
				CURRENT_PROJECT_VERSION = 1;
				DEVELOPMENT_TEAM = "";
				GENERATE_INFOPLIST_FILE = YES;
				MACOSX_DEPLOYMENT_TARGET = 26.1;
				MARKETING_VERSION = 1.0;
				PRODUCT_BUNDLE_IDENTIFIER = com.codelume.CodelumeTest;
				PRODUCT_NAME = "$(TARGET_NAME)";
				STRING_CATALOG_GENERATE_SYMBOLS = NO;
				SWIFT_APPROACHABLE_CONCURRENCY = YES;
				SWIFT_EMIT_LOC_STRINGS = NO;
				SWIFT_UPCOMING_FEATURE_MEMBER_IMPORT_VISIBILITY = YES;
				SWIFT_VERSION = 5.0;
				TEST_HOST = "$(BUILT_PRODUCTS_DIR)/Codelume.app/$(BUNDLE_EXECUTABLE_FOLDER_PATH)/Codelume";
			};
			name = Release;
		};
/* End XCBuildConfiguration section */

/* Begin XCConfigurationList section */
		2262B8602E4B94B2003E8F45 /* Build configuration list for PBXProject "Codelume" */ = {
			isa = XCConfigurationList;
			buildConfigurations = (
				2262B86F2E4B94B4003E8F45 /* Debug */,
				2262B8702E4B94B4003E8F45 /* Release */,
			);
			defaultConfigurationIsVisible = 0;
			defaultConfigurationName = Release;
		};
		2262B8712E4B94B4003E8F45 /* Build configuration list for PBXNativeTarget "Codelume" */ = {
			isa = XCConfigurationList;
			buildConfigurations = (
				2262B8722E4B94B4003E8F45 /* Debug */,
				2262B8732E4B94B4003E8F45 /* Release */,
			);
			defaultConfigurationIsVisible = 0;
			defaultConfigurationName = Release;
		};
		86406E6A2F28AC4000C3CB3A /* Build configuration list for PBXNativeTarget "CodelumeTest" */ = {
			isa = XCConfigurationList;
			buildConfigurations = (
				86406E6B2F28AC4000C3CB3A /* Debug */,
				86406E6C2F28AC4000C3CB3A /* Release */,
			);
			defaultConfigurationIsVisible = 0;
			defaultConfigurationName = Release;
		};
/* End XCConfigurationList section */

/* Begin XCRemoteSwiftPackageReference section */
		86406E372F289FF700C3CB3A /* XCRemoteSwiftPackageReference "supabase-swift" */ = {
			isa = XCRemoteSwiftPackageReference;
			repositoryURL = "https://github.com/supabase/supabase-swift.git";
			requirement = {
				kind = upToNextMajorVersion;
				minimumVersion = 2.5.1;
			};
		};
		86C722C82F1642FC008BE5B5 /* XCRemoteSwiftPackageReference "CodelumeBundle" */ = {
			isa = XCRemoteSwiftPackageReference;
			repositoryURL = "https://github.com/singulay-tech/CodelumeBundle.git";
			requirement = {
				kind = exactVersion;
				version = 1.0.1;
			};
		};
		86E223592EEA897000AFA3A3 /* XCRemoteSwiftPackageReference "SwiftyBeaver" */ = {
			isa = XCRemoteSwiftPackageReference;
			repositoryURL = "https://github.com/SwiftyBeaver/SwiftyBeaver.git";
			requirement = {
				kind = upToNextMajorVersion;
				minimumVersion = 2.1.1;
			};
		};
		86FBEE632EEA8CBD00F05936 /* XCRemoteSwiftPackageReference "SQLite.swift" */ = {
			isa = XCRemoteSwiftPackageReference;
			repositoryURL = "https://github.com/stephencelis/SQLite.swift.git";
			requirement = {
				kind = upToNextMajorVersion;
				minimumVersion = 0.15.4;
			};
		};
/* End XCRemoteSwiftPackageReference section */

/* Begin XCSwiftPackageProductDependency section */
		86406E382F289FF700C3CB3A /* Auth */ = {
			isa = XCSwiftPackageProductDependency;
			package = 86406E372F289FF700C3CB3A /* XCRemoteSwiftPackageReference "supabase-swift" */;
			productName = Auth;
		};
		86406E3A2F289FF700C3CB3A /* Functions */ = {
			isa = XCSwiftPackageProductDependency;
			package = 86406E372F289FF700C3CB3A /* XCRemoteSwiftPackageReference "supabase-swift" */;
			productName = Functions;
		};
		86406E3C2F289FF700C3CB3A /* PostgREST */ = {
			isa = XCSwiftPackageProductDependency;
			package = 86406E372F289FF700C3CB3A /* XCRemoteSwiftPackageReference "supabase-swift" */;
			productName = PostgREST;
		};
		86406E3E2F289FF700C3CB3A /* Realtime */ = {
			isa = XCSwiftPackageProductDependency;
			package = 86406E372F289FF700C3CB3A /* XCRemoteSwiftPackageReference "supabase-swift" */;
			productName = Realtime;
		};
		86406E402F289FF700C3CB3A /* Storage */ = {
			isa = XCSwiftPackageProductDependency;
			package = 86406E372F289FF700C3CB3A /* XCRemoteSwiftPackageReference "supabase-swift" */;
			productName = Storage;
		};
		86406E422F289FF700C3CB3A /* Supabase */ = {
			isa = XCSwiftPackageProductDependency;
			package = 86406E372F289FF700C3CB3A /* XCRemoteSwiftPackageReference "supabase-swift" */;
			productName = Supabase;
		};
		864DE0BE2EF447B3009B3349 /* CodelumeBundle */ = {
			isa = XCSwiftPackageProductDependency;
			productName = CodelumeBundle;
		};
		86C722C92F1642FC008BE5B5 /* CodelumeBundle */ = {
			isa = XCSwiftPackageProductDependency;
			package = 86C722C82F1642FC008BE5B5 /* XCRemoteSwiftPackageReference "CodelumeBundle" */;
			productName = CodelumeBundle;
		};
		86E2235A2EEA897000AFA3A3 /* SwiftyBeaver */ = {
			isa = XCSwiftPackageProductDependency;
			package = 86E223592EEA897000AFA3A3 /* XCRemoteSwiftPackageReference "SwiftyBeaver" */;
			productName = SwiftyBeaver;
		};
		86FBEE642EEA8CBD00F05936 /* SQLite */ = {
			isa = XCSwiftPackageProductDependency;
			package = 86FBEE632EEA8CBD00F05936 /* XCRemoteSwiftPackageReference "SQLite.swift" */;
			productName = SQLite;
		};
/* End XCSwiftPackageProductDependency section */
	};
	rootObject = 2262B85D2E4B94B2003E8F45 /* Project object */;
}
